{
  "version": 1,
  "dependencies": {
    "net10.0": {
      "coverlet.collector": {
        "type": "Direct",
        "requested": "[6.0.4, )",
        "resolved": "6.0.4",
        "contentHash": "lkhqpF8Pu2Y7IiN7OntbsTtdbpR1syMsm2F3IgX6ootA4ffRqWL5jF7XipHuZQTdVuWG/gVAAcf8mjk8Tz0xPg=="
      },
      "FluentAssertions": {
        "type": "Direct",
        "requested": "[8.9.0, )",
        "resolved": "8.9.0",
        "contentHash": "Y5RDjxaVlxWX2yy0X/ay1tJjSKMOtjepSb83mmfngFS63hm3LsoZNj6nhmImzm1ifRmpF9ouvmHjx9nNwnkpDg=="
      },
      "FSRS.Core": {
        "type": "Direct",
        "requested": "[1.0.7, )",
        "resolved": "1.0.7",
        "contentHash": "G4r0PyhQ04NM4AH7rCjw0cKKqnivGPdoo227KZM253wD6G81OPYg8ynl2S1ROqUZ811cCcA4lFKQ5BKuL68hsw=="
      },
      "Microsoft.AspNetCore.Mvc.Testing": {
        "type": "Direct",
        "requested": "[10.0.5, )",
        "resolved": "10.0.5",
        "contentHash": "MfacYQ7jNzj6073YobyoFfXpNmGqrV1UCywTM339DOcYpfalcM4K4heFjV5k3dDkKkWOGWO/DV3hdmVRqFkIxA==",
        "dependencies": {
          "Microsoft.AspNetCore.TestHost": "10.0.5",
          "Microsoft.Extensions.DependencyModel": "10.0.5"
        }
      },
      "Microsoft.Extensions.TimeProvider.Testing": {
        "type": "Direct",
        "requested": "[10.4.0, )",
        "resolved": "10.4.0",
        "contentHash": "uJ8n9WUEzux9I2CjZh7imGBgZadfwhAKlxuBq7GsNGL8FJF81aHXAYaRMnwW+9EvRFQNytu7xo1ffeuuTncAzg=="
      },
      "Microsoft.NET.Test.Sdk": {
        "type": "Direct",
        "requested": "[17.14.1, )",
        "resolved": "17.14.1",
        "contentHash": "HJKqKOE+vshXra2aEHpi2TlxYX7Z9VFYkr+E5rwEvHC8eIXiyO+K9kNm8vmNom3e2rA56WqxU+/N9NJlLGXsJQ==",
        "dependencies": {
          "Microsoft.CodeCoverage": "17.14.1",
          "Microsoft.TestPlatform.TestHost": "17.14.1"
        }
      },
      "NSubstitute": {
        "type": "Direct",
        "requested": "[5.3.0, )",
        "resolved": "5.3.0",
        "contentHash": "lJ47Cps5Qzr86N99lcwd+OUvQma7+fBgr8+Mn+aOC0WrlqMNkdivaYD9IvnZ5Mqo6Ky3LS7ZI+tUq1/s9ERd0Q==",
        "dependencies": {
          "Castle.Core": "5.1.1"
        }
      },
      "xunit": {
        "type": "Direct",
        "requested": "[2.9.3, )",
        "resolved": "2.9.3",
        "contentHash": "TlXQBinK35LpOPKHAqbLY4xlEen9TBafjs0V5KnA4wZsoQLQJiirCR4CbIXvOH8NzkW4YeJKP5P/Bnrodm0h9Q==",
        "dependencies": {
          "xunit.analyzers": "1.18.0",
          "xunit.assert": "2.9.3",
          "xunit.core": "[2.9.3]"
        }
      },
      "xunit.runner.visualstudio": {
        "type": "Direct",
        "requested": "[3.1.4, )",
        "resolved": "3.1.4",
        "contentHash": "5mj99LvCqrq3CNi06xYdyIAXOEh+5b33F2nErCzI5zWiDdLHXiPXEWFSUAF8zlIv0ZWqjZNCwHTQeAPYbF3pCg=="
      },
      "AspNet.Security.OAuth.GitHub": {
        "type": "Transitive",
        "resolved": "10.0.0",
        "contentHash": "PbOrAso/hlCS2p3YHHq94C5W/6851xyMT8ZEkAc3eGQNlsu3Siwu/D98nzCKyOKmB+KNu9MirWpmO66PmEIexQ=="
      },
      "Castle.Core": {
        "type": "Transitive",
        "resolved": "5.1.1",
        "contentHash": "rpYtIczkzGpf+EkZgDr9CClTdemhsrwA/W5hMoPjLkRFnXzH44zDLoovXeKtmxb1ykXK9aJVODSpiJml8CTw2g=="
      },
      "dotenv.net": {
        "type": "Transitive",
        "resolved": "4.0.1",
        "contentHash": "/+JYtUaZLscosmQBhJRiP1+2sLLKgi2I7fjnrJamcqUSFIbthH5lVcJtTHNuC9NJpMnvRKXTUUzxMBFmTEyD8g=="
      },
      "Microsoft.AspNetCore.DataProtection.EntityFrameworkCore": {
        "type": "Transitive",
        "resolved": "10.0.5",
        "contentHash": "gYY7b9GQ7QO6JmdqTcuZIF7uECe3c5OO7YKYPmZZU71L6GS8HnGetkaM1GnFlXFz5Fz6LdXs55lJ22g710+qTA==",
        "dependencies": {
          "Microsoft.EntityFrameworkCore": "10.0.5"
        }
      },
      "Microsoft.AspNetCore.Identity.EntityFrameworkCore": {
        "type": "Transitive",
        "resolved": "10.0.5",
        "contentHash": "oo1uauTwgcnhYgituZ2nI3wJ8XN9z76ggu2zkOJu1BCfOOsqr+g08Kr4MOiMuXEhwySkpIV+MVoC25hC1288NA==",
        "dependencies": {
          "Microsoft.EntityFrameworkCore.Relational": "10.0.5"
        }
      },
      "Microsoft.AspNetCore.OpenApi": {
        "type": "Transitive",
        "resolved": "10.0.5",
        "contentHash": "vTcxIfOPyfFbYk1g8YcXJfkMnlEWVkSnnjxcZLy60zgwiHMRf2SnZR+9E4HlpwKxgE3yfKMOti8J6WfKuKsw6w==",
        "dependencies": {
          "Microsoft.OpenApi": "2.0.0"
        }
      },
      "Microsoft.AspNetCore.TestHost": {
        "type": "Transitive",
        "resolved": "10.0.5",
        "contentHash": "PJEdrZnnhvxIEXzDdvdZ38GvpdaiUfKkZ99kudS8riJwhowFb/Qh26Wjk9smrCWcYdMFQmpN5epGiL4o1s8LYA=="
      },
      "Microsoft.CodeCoverage": {
        "type": "Transitive",
        "resolved": "17.14.1",
        "contentHash": "pmTrhfFIoplzFVbhVwUquT+77CbGH+h4/3mBpdmIlYtBi9nAB+kKI6dN3A/nV4DFi3wLLx/BlHIPK+MkbQ6Tpg=="
      },
      "Microsoft.EntityFrameworkCore": {
        "type": "Transitive",
        "resolved": "10.0.5",
        "contentHash": "9tNBmK3EpYVGRQLiqP+bqK2m+TD0Gv//4vCzR7ZOgl4FWzCFyOpYdIVka13M4kcBdPdSJcs3wbHr3rmzOqbIMA==",
        "dependencies": {
          "Microsoft.EntityFrameworkCore.Abstractions": "10.0.5",
          "Microsoft.EntityFrameworkCore.Analyzers": "10.0.5"
        }
      },
      "Microsoft.EntityFrameworkCore.Abstractions": {
        "type": "Transitive",
        "resolved": "10.0.5",
        "contentHash": "32c58Rnm47Qvhimawf67KO9PytgPz3QoWye7Abapt0Yocw/JnzMiSNj/pRoIKyn8Jxypkv86zxKD4Q/zNTc0Ag=="
      },
      "Microsoft.EntityFrameworkCore.Analyzers": {
        "type": "Transitive",
        "resolved": "10.0.5",
        "contentHash": "ipC4u1VojgEfoIZhtbS2Sx5IluJTP/Jf1hz3yGsxGBgSukYY/CquI6rAjxn5H58CZgVn36qcuPPtNMwZ0AUzMg=="
      },
      "Microsoft.EntityFrameworkCore.Relational": {
        "type": "Transitive",
        "resolved": "10.0.5",
        "contentHash": "uxmFjZEAB/KbsgWFSS4lLqkEHCfXxB2x0UcbiO4e5fCRpFFeTMSx/me6009nYJLu5IKlDwO1POh++P6RilFTDw==",
        "dependencies": {
          "Microsoft.EntityFrameworkCore": "10.0.5"
        }
      },
      "Microsoft.Extensions.AI.Abstractions": {
        "type": "Transitive",
        "resolved": "10.3.0",
        "contentHash": "hDjDvUERvUH3HBMs2MDusOcGJBjAHOG5pJIU2x/HZEa4e1UthNKt89cwMi3B+ogJo6skki1XFjfgGN3ksnVqvQ=="
      },
      "Microsoft.Extensions.AmbientMetadata.Application": {
        "type": "Transitive",
        "resolved": "10.3.0",
        "contentHash": "Oh/FQJrTZqiqZuFktqDCwLFgxIUnNATZx46AwUTf5A/+FmK/TzPf/iwSqMK85QlioLD9ehOxWe0NBfsCSkp5pw=="
      },
      "Microsoft.Extensions.Compliance.Abstractions": {
        "type": "Transitive",
        "resolved": "10.3.0",
        "contentHash": "b3gmxtyX0n8bQFuZ679f8QiOWqjeZKFc6XXPUsYNFzMcWi0Q44Ej3pB41N/QQ0maX380kmOMF36bLSBHNThXAg=="
      },
      "Microsoft.Extensions.DependencyInjection.AutoActivation": {
        "type": "Transitive",
        "resolved": "10.3.0",
        "contentHash": "g6/S5rhP1XNBqeDa9zKXri/uDKe6gjzSqGsocuySb1OdVm8fz/M9YcWTJsCw5RHF8xIb/B3NgsfBPQF9Emjk3Q=="
      },
      "Microsoft.Extensions.DependencyModel": {
        "type": "Transitive",
        "resolved": "10.0.5",
        "contentHash": "xA4kkL+QS6KCAOKz/O0oquHs44Ob8J7zpBCNt3wjkBWDg5aCqfwG8rWWLsg5V86AM0sB849g9JjPjIdksTCIKg=="
      },
      "Microsoft.Extensions.Diagnostics.ExceptionSummarization": {
        "type": "Transitive",
        "resolved": "10.3.0",
        "contentHash": "TZAZsAFThNQDqCnWaGxV/X7OPSA7b+kY7wNTPNvPvSWa0jcTbmGVyzIY/feF4OgyAUUdzSnnLW6ri2Q+4keM4A=="
      },
      "Microsoft.Extensions.Http.Diagnostics": {
        "type": "Transitive",
        "resolved": "10.3.0",
        "contentHash": "/xuNWNxI4WLVatiTvaqfLd5ijFhQ/qvE14bOyWxeEWmXJkjh/g2G/5TdzMfoe0afq16OdWLGbrD9gWHo178hbg==",
        "dependencies": {
          "Microsoft.Extensions.Telemetry": "10.3.0"
        }
      },
      "Microsoft.Extensions.Http.Polly": {
        "type": "Transitive",
        "resolved": "10.0.3",
        "contentHash": "Dl3wUj5Fdk6AuPDCDBBcpnAW/mYfmfr+48g3fE4JCQiVSIjLGqjg1tyw5/dZnLHlC+tgzr6rntD7bBgigpZBhw==",
        "dependencies": {
          "Polly": "7.2.4",
          "Polly.Extensions.Http": "3.0.0"
        }
      },
      "Microsoft.Extensions.Http.Resilience": {
        "type": "Transitive",
        "resolved": "10.3.0",
        "contentHash": "P4+s/eUH3dZdn1HnivSL2dh6/Jb0ndLt2l88oQPZ9BYdyb4tSRAsnz4QkJHGfPA9lS/XblI5QYsxEdfkurPvIg==",
        "dependencies": {
          "Microsoft.Extensions.Http.Diagnostics": "10.3.0",
          "Microsoft.Extensions.Resilience": "10.3.0"
        }
      },
      "Microsoft.Extensions.Resilience": {
        "type": "Transitive",
        "resolved": "10.3.0",
        "contentHash": "xc0dZuPkBaVIdMlODDppmNY/dxE27wIQ46gTzStoFXO4/yVcOMKlPmtr9vTP4edyXBRizGxPtcAFmqxZ5gPTkQ==",
        "dependencies": {
          "Microsoft.Extensions.Diagnostics.ExceptionSummarization": "10.3.0",
          "Microsoft.Extensions.Telemetry.Abstractions": "10.3.0",
          "Polly.Extensions": "8.4.2",
          "Polly.RateLimiting": "8.4.2"
        }
      },
      "Microsoft.Extensions.Telemetry": {
        "type": "Transitive",
        "resolved": "10.3.0",
        "contentHash": "M1esrIGmwU2JBY0JpwdlUTXTNBXSBFEs+41bYBd59+9/vCaXw+vGhtYcCL+JXeGmxTLUHmuXcKbX/uVCSFcuzA==",
        "dependencies": {
          "Microsoft.Extensions.AmbientMetadata.Application": "10.3.0",
          "Microsoft.Extensions.DependencyInjection.AutoActivation": "10.3.0",
          "Microsoft.Extensions.Telemetry.Abstractions": "10.3.0"
        }
      },
      "Microsoft.Extensions.Telemetry.Abstractions": {
        "type": "Transitive",
        "resolved": "10.3.0",
        "contentHash": "aKxH6ZsGAewGF8uSXyx1WkjqItwZA+hd1hhQ/4i7o5injCWSdr9vIZ3R3djJfy8OG3xaWK+LZY/+slVvlnwEHw==",
        "dependencies": {
          "Microsoft.Extensions.Compliance.Abstractions": "10.3.0"
        }
      },
      "Microsoft.IdentityModel.Abstractions": {
        "type": "Transitive",
        "resolved": "8.17.0",
        "contentHash": "6NrxQGcZg6IunkN8K2F0UVMavNpfCjbjjjON7PYcL8FwI8aULKUreiHsRX/yaA8j3XsTJnQKUYpoQk5gBjULZw=="
      },
      "Microsoft.IdentityModel.JsonWebTokens": {
        "type": "Transitive",
        "resolved": "8.17.0",
        "contentHash": "JbFZ3OVwtvqcqgBL0cIkhRYbIP7u9GIUYLOgbNqLWtBtZY8tGDpdGyXMzUVX0gVHq1ovuHsKZrkVv+ziHEnBHw==",
        "dependencies": {
          "Microsoft.IdentityModel.Tokens": "8.17.0"
        }
      },
      "Microsoft.IdentityModel.Logging": {
        "type": "Transitive",
        "resolved": "8.17.0",
        "contentHash": "w1vjfri0BWqW7RkSZY3ZsqekNfIJJg5BQSFs2j+a+pCXOVrkezmJcn74pT3djwjXJh71577C6wJQgNc2UPz30w==",
        "dependencies": {
          "Microsoft.IdentityModel.Abstractions": "8.17.0"
        }
      },
      "Microsoft.IdentityModel.Protocols": {
        "type": "Transitive",
        "resolved": "8.16.0",
        "contentHash": "UFrU7d46UTsPQTa2HIEIpB9H1uJe1BW9FLw5uhEJ2ZuKdur8bcUA/bO5caq5dlBt5gNJeRIB3QQXYNs5fCQCZA==",
        "dependencies": {
          "Microsoft.IdentityModel.Tokens": "8.16.0"
        }
      },
      "Microsoft.IdentityModel.Tokens": {
        "type": "Transitive",
        "resolved": "8.17.0",
        "contentHash": "teaW35URIV2x78Tzk+dVJiC4M62/9mQoSEoDjDGoEZmcQa3H2rE+XQpm9Tmdo9KK1Lcrnve4zoyLavl69kCFGg==",
        "dependencies": {
          "Microsoft.IdentityModel.Logging": "8.17.0"
        }
      },
      "Microsoft.OpenApi": {
        "type": "Transitive",
        "resolved": "2.0.0",
        "contentHash": "GGYLfzV/G/ct80OZ45JxnWP7NvMX1BCugn/lX7TH5o0lcVaviavsLMTxmFV2AybXWjbi3h6FF1vgZiTK6PXndw=="
      },
      "Microsoft.TestPlatform.ObjectModel": {
        "type": "Transitive",
        "resolved": "17.14.1",
        "contentHash": "xTP1W6Mi6SWmuxd3a+jj9G9UoC850WGwZUps1Wah9r1ZxgXhdJfj1QqDLJkFjHDCvN42qDL2Ps5KjQYWUU0zcQ=="
      },
      "Microsoft.TestPlatform.TestHost": {
        "type": "Transitive",
        "resolved": "17.14.1",
        "contentHash": "d78LPzGKkJwsJXAQwsbJJ7LE7D1wB+rAyhHHAaODF+RDSQ0NgMjDFkSA1Djw18VrxO76GlKAjRUhl+H8NL8Z+Q==",
        "dependencies": {
          "Microsoft.TestPlatform.ObjectModel": "17.14.1",
          "Newtonsoft.Json": "13.0.3"
        }
      },
      "ModelContextProtocol": {
        "type": "Transitive",
        "resolved": "1.0.0",
        "contentHash": "W7UX8AQ1qMjXyCDcpP25u/L1W2vIIgfhLX/B2ZtTU1VUyILXdmVbdRjkQesKVPT/wPMpYXIHUcZJTPdsGfKSfQ==",
        "dependencies": {
          "ModelContextProtocol.Core": "1.0.0"
        }
      },
      "ModelContextProtocol.AspNetCore": {
        "type": "Transitive",
        "resolved": "1.0.0",
        "contentHash": "X0Xtd6TRSiQNWLUQG+9eCo0VkvGwsM9D5P3bB3WJiekawuC7g6PztcDEbNWSZ6hSsP6UrqmOgYfBs/dJFXuJtw==",
        "dependencies": {
          "ModelContextProtocol": "1.0.0"
        }
      },
      "ModelContextProtocol.Core": {
        "type": "Transitive",
        "resolved": "1.0.0",
        "contentHash": "QKboiQEq2MJMGeQ029Gy6xqge88abm0Px9lnG7hueOyf+EDCxi5SUATV+Df7GwT+NwWzkEsYG271bUQD+LGhEg==",
        "dependencies": {
          "Microsoft.Extensions.AI.Abstractions": "10.3.0"
        }
      },
      "Nanoid": {
        "type": "Transitive",
        "resolved": "3.1.0",
        "contentHash": "5vhxZ+1iVH213boPsR3KYQXWObZQcaGvLU9ytTroWJFeVzV2EFAtGgrmMpb8BCxd+KWeBASniZLzd3UQ0tkhRQ=="
      },
      "Newtonsoft.Json": {
        "type": "Transitive",
        "resolved": "13.0.3",
        "contentHash": "HrC5BXdl00IP9zeV+0Z848QWPAoCr9P3bDEZguI+gkLcBKAOxix/tLEAAHC+UvDNPv4a2d18lOReHMOagPa+zQ=="
      },
      "Npgsql": {
        "type": "Transitive",
        "resolved": "10.0.2",
        "contentHash": "q5RfBI+wywJSFUNDE1L4ZbHEHCFTblo8Uf6A6oe4feOUFYiUQXyAf9GBh5qEZpvJaHiEbpBPkQumjEhXCJxdrg=="
      },
      "Npgsql.EntityFrameworkCore.PostgreSQL": {
        "type": "Transitive",
        "resolved": "10.0.1",
        "contentHash": "P6EwH0Q4xkaA264iNZDqCPhWt8pscfUGxXazDQg4noBfqjoOlk4hKWfvBjF9ZX3R/9JybRmmJfmxr2iBMj0EpA==",
        "dependencies": {
          "Microsoft.EntityFrameworkCore": "[10.0.4, 11.0.0)",
          "Microsoft.EntityFrameworkCore.Relational": "[10.0.4, 11.0.0)",
          "Npgsql": "10.0.2"
        }
      },
      "OpenIddict": {
        "type": "Transitive",
        "resolved": "7.4.0",
        "contentHash": "oum61BkFI5tEPZ96L23QE4kX51neQbTd2sbpHvgOTkCDc+r0oBI8VYwR3EBYrVdt3fqKvtCt8bKJVn73PBbtyQ==",
        "dependencies": {
          "OpenIddict.Abstractions": "7.4.0",
          "OpenIddict.Client": "7.4.0",
          "OpenIddict.Client.SystemIntegration": "7.4.0",
          "OpenIddict.Client.SystemNetHttp": "7.4.0",
          "OpenIddict.Client.WebIntegration": "7.4.0",
          "OpenIddict.Core": "7.4.0",
          "OpenIddict.Server": "7.4.0",
          "OpenIddict.Validation": "7.4.0",
          "OpenIddict.Validation.ServerIntegration": "7.4.0",
          "OpenIddict.Validation.SystemNetHttp": "7.4.0"
        }
      },
      "OpenIddict.Abstractions": {
        "type": "Transitive",
        "resolved": "7.4.0",
        "contentHash": "HJgzgj7uTnQ6SQDx/NV6+KGhg35PhDHIxAfeXKf4+EUUM0NvJnY0cemyuxezWeZT+2ETnbzxE2yl2hQDQ5ODeA==",
        "dependencies": {
          "Microsoft.IdentityModel.Tokens": "8.16.0"
        }
      },
      "OpenIddict.AspNetCore": {
        "type": "Transitive",
        "resolved": "7.4.0",
        "contentHash": "GseqTKuLYDe6UsheCFF8EQMNXi4vO5gmk9mEvsj7r7cVoc89YNPzIydQ7bpPMy0Kf5HI39j0B89i30s6I8M1dw==",
        "dependencies": {
          "OpenIddict": "7.4.0",
          "OpenIddict.Client.AspNetCore": "7.4.0",
          "OpenIddict.Client.DataProtection": "7.4.0",
          "OpenIddict.Server.AspNetCore": "7.4.0",
          "OpenIddict.Server.DataProtection": "7.4.0",
          "OpenIddict.Validation.AspNetCore": "7.4.0",
          "OpenIddict.Validation.DataProtection": "7.4.0"
        }
      },
      "OpenIddict.Client": {
        "type": "Transitive",
        "resolved": "7.4.0",
        "contentHash": "OXIa4LdLlRX61xq/9y/57ZcWxg4QvQvjbP/imGEUToETYWrIwEqje5KPFnpO7V3eVDXgl1acfanGo5BnoK6Yjw==",
        "dependencies": {
          "Microsoft.IdentityModel.JsonWebTokens": "8.16.0",
          "Microsoft.IdentityModel.Protocols": "8.16.0",
          "OpenIddict.Abstractions": "7.4.0"
        }
      },
      "OpenIddict.Client.AspNetCore": {
        "type": "Transitive",
        "resolved": "7.4.0",
        "contentHash": "zGLFLzvJfybOnIQKBgT/3AhmvHiO2adsqAYUEw3a9tnFDTkoMGqd4fxbnFgGD8LqqM16/PWFY+2RBrDXSCmFtw==",
        "dependencies": {
          "OpenIddict.Client": "7.4.0"
        }
      },
      "OpenIddict.Client.DataProtection": {
        "type": "Transitive",
        "resolved": "7.4.0",
        "contentHash": "3XCBUqf4aktaY1A08739i4DLaEmoBIN4Hb4QSf8pMPCn2y6fVr3dzCnE45G6vtGJ9+omD0QnqUp0D7SgWjoWRA==",
        "dependencies": {
          "OpenIddict.Client": "7.4.0"
        }
      },
      "OpenIddict.Client.SystemIntegration": {
        "type": "Transitive",
        "resolved": "7.4.0",
        "contentHash": "0iEpO+TZ7CxWV+Wydiaaue8PKLvmOy13hLhLiewT3p8JZm8xkKBnC3qoKbFUYEHn7Z2ZdIpCUvkJIrb7aF7VBA==",
        "dependencies": {
          "OpenIddict.Client": "7.4.0"
        }
      },
      "OpenIddict.Client.SystemNetHttp": {
        "type": "Transitive",
        "resolved": "7.4.0",
        "contentHash": "0jYaa6Ezg5CVcmZhiDcxKrAMS1Lwlju84VpqJw/YBnQ9IISvmLrSRSCDfJ1dZKeSeX9DMTyUV8ng3F3JqyhgDQ==",
        "dependencies": {
          "Microsoft.Extensions.Http.Polly": "10.0.3",
          "Microsoft.Extensions.Http.Resilience": "10.3.0",
          "OpenIddict.Client": "7.4.0"
        }
      },
      "OpenIddict.Client.WebIntegration": {
        "type": "Transitive",
        "resolved": "7.4.0",
        "contentHash": "vYsEVPxoPxVwylkechXoF0mokts+FyFoL/46i9eWi2J05KbNbErBz43rEwVmq0qFn6ou0gQZ25dj+f8PA9rOlQ==",
        "dependencies": {
          "OpenIddict.Client": "7.4.0",
          "OpenIddict.Client.SystemNetHttp": "7.4.0"
        }
      },
      "OpenIddict.Core": {
        "type": "Transitive",
        "resolved": "7.4.0",
        "contentHash": "ERrIxz0IvZVv7+ouALe5QCnkdlR7+pN1D82Ap2dOLw80HpQFkc0qWda4/dvTny5wdiuoXzkjd/pNOc3P10/lJA==",
        "dependencies": {
          "OpenIddict.Abstractions": "7.4.0"
        }
      },
      "OpenIddict.EntityFrameworkCore": {
        "type": "Transitive",
        "resolved": "7.4.0",
        "contentHash": "dXjiwpamjYRHlyIS1rZKS9kaP4kfnc/r/e/Lokvl9y7u62J7uYXRE06IQ37K7ytQn710YAj7G+NXPAchLzA4RQ==",
        "dependencies": {
          "Microsoft.EntityFrameworkCore.Relational": "10.0.3",
          "OpenIddict.Core": "7.4.0",
          "OpenIddict.EntityFrameworkCore.Models": "7.4.0"
        }
      },
      "OpenIddict.EntityFrameworkCore.Models": {
        "type": "Transitive",
        "resolved": "7.4.0",
        "contentHash": "n13CeYAPImXpM2Vb83dCQoMSC2VYPgRp2q4GLp4YG/TA5Qd+X/Jza6eG+MLwx/2mYt8Xhxp+fVusDrUlpe8ZkA=="
      },
      "OpenIddict.Server": {
        "type": "Transitive",
        "resolved": "7.4.0",
        "contentHash": "ZzFZWuPZS5NKzQq7V+u6lzgU56IhfJRxoTbySdimv1OYYsqOhEFRq19gCZMWBNCYOTHBxipAPdjnAXFytyGtrw==",
        "dependencies": {
          "Microsoft.IdentityModel.JsonWebTokens": "8.16.0",
          "OpenIddict.Abstractions": "7.4.0"
        }
      },
      "OpenIddict.Server.AspNetCore": {
        "type": "Transitive",
        "resolved": "7.4.0",
        "contentHash": "zqftzqo2j/+tf6rGZMbcTz9wUcXZNqwtG9G+hg5qUG0F8nsDyt6dC608pB6ikJtW0xO1p+OmP3q0UmpNMhsBug==",
        "dependencies": {
          "OpenIddict.Server": "7.4.0"
        }
      },
      "OpenIddict.Server.DataProtection": {
        "type": "Transitive",
        "resolved": "7.4.0",
        "contentHash": "+vl+W30+AGIV+z9uHQCpEb6Do4ipyYifuB2SlkMEZX7F8sDaVQxS2qhmNdAgY3MXb+jyIBMd3xlHbDP6jeTZmw==",
        "dependencies": {
          "OpenIddict.Server": "7.4.0"
        }
      },
      "OpenIddict.Validation": {
        "type": "Transitive",
        "resolved": "7.4.0",
        "contentHash": "SrRjeHnMF7h1hY0ZykQVyI4t+PmJ3Gq1PhQJr+LuLcO+fYkpEqyfCRdOxY+ThnXQJjSOYQxLhrBRg0u330TnKw==",
        "dependencies": {
          "Microsoft.IdentityModel.JsonWebTokens": "8.16.0",
          "Microsoft.IdentityModel.Protocols": "8.16.0",
          "OpenIddict.Abstractions": "7.4.0"
        }
      },
      "OpenIddict.Validation.AspNetCore": {
        "type": "Transitive",
        "resolved": "7.4.0",
        "contentHash": "KQkDiHFUrTkCt6+kB51sVkTAlpia3Mz04lFFPvUL3nunro0aqysk4I5DhI7qjRyKIVrQGafjSVQcf+0V77t6ww==",
        "dependencies": {
          "OpenIddict.Validation": "7.4.0"
        }
      },
      "OpenIddict.Validation.DataProtection": {
        "type": "Transitive",
        "resolved": "7.4.0",
        "contentHash": "lwrv+H+vEJyR7n/hjxkJHBM7KlSB4uwiAaYdZu3Q+IB0HipJgoEgKLaawN8EldQI3lnex3q/dw5S2rH2xIOrvw==",
        "dependencies": {
          "OpenIddict.Validation": "7.4.0"
        }
      },
      "OpenIddict.Validation.ServerIntegration": {
        "type": "Transitive",
        "resolved": "7.4.0",
        "contentHash": "7X9uh3T64DroGN0AQgXKC9FDjvWV7IBtW3yTjEdzk0ZqeXKEuTRPzrJdfUwkMx/60iLhAX8zQ2TToO15Z7i5pA==",
        "dependencies": {
          "OpenIddict.Server": "7.4.0",
          "OpenIddict.Validation": "7.4.0"
        }
      },
      "OpenIddict.Validation.SystemNetHttp": {
        "type": "Transitive",
        "resolved": "7.4.0",
        "contentHash": "zBkL9kx6Z5PDnZjFUrkUnT/9jt2kjNVPoh9zw41BBkP8NKRPGjZk3y7av0qR51IgN1V+ZRQqmc1fQoK4qeOtjg==",
        "dependencies": {
          "Microsoft.Extensions.Http.Polly": "10.0.3",
          "Microsoft.Extensions.Http.Resilience": "10.3.0",
          "OpenIddict.Validation": "7.4.0"
        }
      },
      "Polly": {
        "type": "Transitive",
        "resolved": "7.2.4",
        "contentHash": "bw00Ck5sh6ekduDE3mnCo1ohzuad946uslCDEENu3091+6UKnBuKLo4e+yaNcCzXxOZCXWY2gV4a35+K1d4LDA=="
      },
      "Polly.Core": {
        "type": "Transitive",
        "resolved": "8.4.2",
        "contentHash": "BpE2I6HBYYA5tF0Vn4eoQOGYTYIK1BlF5EXVgkWGn3mqUUjbXAr13J6fZVbp7Q3epRR8yshacBMlsHMhpOiV3g=="
      },
      "Polly.Extensions": {
        "type": "Transitive",
        "resolved": "8.4.2",
        "contentHash": "GZ9vRVmR0jV2JtZavt+pGUsQ1O1cuRKG7R7VOZI6ZDy9y6RNPvRvXK1tuS4ffUrv8L0FTea59oEuQzgS0R7zSA==",
        "dependencies": {
          "Polly.Core": "8.4.2"
        }
      },
      "Polly.Extensions.Http": {
        "type": "Transitive",
        "resolved": "3.0.0",
        "contentHash": "drrG+hB3pYFY7w1c3BD+lSGYvH2oIclH8GRSehgfyP5kjnFnHKQuuBhuHLv+PWyFuaTDyk/vfRpnxOzd11+J8g==",
        "dependencies": {
          "Polly": "7.1.0"
        }
      },
      "Polly.RateLimiting": {
        "type": "Transitive",
        "resolved": "8.4.2",
        "contentHash": "ehTImQ/eUyO07VYW2WvwSmU9rRH200SKJ/3jku9rOkyWE0A2JxNFmAVms8dSn49QLSjmjFRRSgfNyOgr/2PSmA==",
        "dependencies": {
          "Polly.Core": "8.4.2"
        }
      },
      "Serilog": {
        "type": "Transitive",
        "resolved": "4.3.0",
        "contentHash": "+cDryFR0GRhsGOnZSKwaDzRRl4MupvJ42FhCE4zhQRVanX0Jpg6WuCBk59OVhVDPmab1bB+nRykAnykYELA9qQ=="
      },
      "Serilog.AspNetCore": {
        "type": "Transitive",
        "resolved": "10.0.0",
        "contentHash": "a/cNa1mY4On1oJlfGG1wAvxjp5g7OEzk/Jf/nm7NF9cWoE7KlZw1GldrifUBWm9oKibHkR7Lg/l5jy3y7ACR8w==",
        "dependencies": {
          "Serilog": "4.3.0",
          "Serilog.Extensions.Hosting": "10.0.0",
          "Serilog.Formatting.Compact": "3.0.0",
          "Serilog.Settings.Configuration": "10.0.0",
          "Serilog.Sinks.Console": "6.1.1",
          "Serilog.Sinks.Debug": "3.0.0",
          "Serilog.Sinks.File": "7.0.0"
        }
      },
      "Serilog.Extensions.Hosting": {
        "type": "Transitive",
        "resolved": "10.0.0",
        "contentHash": "E7juuIc+gzoGxgzFooFgAV8g9BfiSXNKsUok9NmEpyAXg2odkcPsMa/Yo4axkJRlh0se7mkYQ1GXDaBemR+b6w==",
        "dependencies": {
          "Serilog": "4.3.0",
          "Serilog.Extensions.Logging": "10.0.0"
        }
      },
      "Serilog.Extensions.Logging": {
        "type": "Transitive",
        "resolved": "10.0.0",
        "contentHash": "vx0kABKl2dWbBhhqAfTOk53/i8aV/5VaT3a6il9gn72Wqs2pM7EK2OB6No6xdqK2IaY6Zf9gdjLuK9BVa2rT+Q==",
        "dependencies": {
          "Serilog": "4.2.0"
        }
      },
      "Serilog.Formatting.Compact": {
        "type": "Transitive",
        "resolved": "3.0.0",
        "contentHash": "wQsv14w9cqlfB5FX2MZpNsTawckN4a8dryuNGbebB/3Nh1pXnROHZov3swtu3Nj5oNG7Ba+xdu7Et/ulAUPanQ==",
        "dependencies": {
          "Serilog": "4.0.0"
        }
      },
      "Serilog.Settings.Configuration": {
        "type": "Transitive",
        "resolved": "10.0.0",
        "contentHash": "LNq+ibS1sbhTqPV1FIE69/9AJJbfaOhnaqkzcjFy95o+4U+STsta9mi97f1smgXsWYKICDeGUf8xUGzd/52/uA==",
        "dependencies": {
          "Microsoft.Extensions.DependencyModel": "10.0.0",
          "Serilog": "4.3.0"
        }
      },
      "Serilog.Sinks.Console": {
        "type": "Transitive",
        "resolved": "6.1.1",
        "contentHash": "8jbqgjUyZlfCuSTaJk6lOca465OndqOz3KZP6Cryt/IqZYybyBu7GP0fE/AXBzrrQB3EBmQntBFAvMVz1COvAA==",
        "dependencies": {
          "Serilog": "4.0.0"
        }
      },
      "Serilog.Sinks.Debug": {
        "type": "Transitive",
        "resolved": "3.0.0",
        "contentHash": "4BzXcdrgRX7wde9PmHuYd9U6YqycCC28hhpKonK7hx0wb19eiuRj16fPcPSVp0o/Y1ipJuNLYQ00R3q2Zs8FDA==",
        "dependencies": {
          "Serilog": "4.0.0"
        }
      },
      "Serilog.Sinks.File": {
        "type": "Transitive",
        "resolved": "7.0.0",
        "contentHash": "fKL7mXv7qaiNBUC71ssvn/dU0k9t0o45+qm2XgKAlSt19xF+ijjxyA3R6HmCgfKEKwfcfkwWjayuQtRueZFkYw==",
        "dependencies": {
          "Serilog": "4.2.0"
        }
      },
      "Serilog.Sinks.Http": {
        "type": "Transitive",
        "resolved": "9.2.1",
        "contentHash": "sxc3GZSBsDFuRhcVKZMs66Mr7RfsGCPASSyiGG1Ew20a8kaeFbUL0tru352o0K0GLHjIcmxgkH2KrwoqjvJjjQ==",
        "dependencies": {
          "Serilog.Sinks.File": "7.0.0"
        }
      },
      "Serilog.Sinks.Seq": {
        "type": "Transitive",
        "resolved": "9.0.0",
        "contentHash": "aNU8A0K322q7+voPNmp1/qNPH+9QK8xvM1p72sMmCG0wGlshFzmtDW9QnVSoSYCj0MgQKcMOlgooovtBhRlNHw==",
        "dependencies": {
          "Serilog": "4.2.0",
          "Serilog.Sinks.File": "6.0.0"
        }
      },
      "System.IdentityModel.Tokens.Jwt": {
        "type": "Transitive",
        "resolved": "8.17.0",
        "contentHash": "nKikRYheDeSaXA3wGr2otwaiRFygBa25m+hc7MEomZVIEWZvKVqd8wgP9yn+8QpLRGgw//dUs4LErGx9gtVmAA==",
        "dependencies": {
          "Microsoft.IdentityModel.JsonWebTokens": "8.17.0",
          "Microsoft.IdentityModel.Tokens": "8.17.0"
        }
      },
      "xunit.abstractions": {
        "type": "Transitive",
        "resolved": "2.0.3",
        "contentHash": "pot1I4YOxlWjIb5jmwvvQNbTrZ3lJQ+jUGkGjWE3hEFM0l5gOnBWS+H3qsex68s5cO52g+44vpGzhAt+42vwKg=="
      },
      "xunit.analyzers": {
        "type": "Transitive",
        "resolved": "1.18.0",
        "contentHash": "OtFMHN8yqIcYP9wcVIgJrq01AfTxijjAqVDy/WeQVSyrDC1RzBWeQPztL49DN2syXRah8TYnfvk035s7L95EZQ=="
      },
      "xunit.assert": {
        "type": "Transitive",
        "resolved": "2.9.3",
        "contentHash": "/Kq28fCE7MjOV42YLVRAJzRF0WmEqsmflm0cfpMjGtzQ2lR5mYVj1/i0Y8uDAOLczkL3/jArrwehfMD0YogMAA=="
      },
      "xunit.core": {
        "type": "Transitive",
        "resolved": "2.9.3",
        "contentHash": "BiAEvqGvyme19wE0wTKdADH+NloYqikiU0mcnmiNyXaF9HyHmE6sr/3DC5vnBkgsWaE6yPyWszKSPSApWdRVeQ==",
        "dependencies": {
          "xunit.extensibility.core": "[2.9.3]",
          "xunit.extensibility.execution": "[2.9.3]"
        }
      },
      "xunit.extensibility.core": {
        "type": "Transitive",
        "resolved": "2.9.3",
        "contentHash": "kf3si0YTn2a8J8eZNb+zFpwfoyvIrQ7ivNk5ZYA5yuYk1bEtMe4DxJ2CF/qsRgmEnDr7MnW1mxylBaHTZ4qErA==",
        "dependencies": {
          "xunit.abstractions": "2.0.3"
        }
      },
      "xunit.extensibility.execution": {
        "type": "Transitive",
        "resolved": "2.9.3",
        "contentHash": "yMb6vMESlSrE3Wfj7V6cjQ3S4TXdXpRqYeNEI3zsX31uTsGMJjEw6oD5F5u1cHnMptjhEECnmZSsPxB6ChZHDQ==",
        "dependencies": {
          "xunit.extensibility.core": "[2.9.3]"
        }
      },
      "fasolt.server": {
        "type": "Project",
        "dependencies": {
          "AspNet.Security.OAuth.GitHub": "[10.0.0, )",
          "FSRS.Core": "[1.0.7, )",
          "Microsoft.AspNetCore.DataProtection.EntityFrameworkCore": "[10.0.5, )",
          "Microsoft.AspNetCore.Identity.EntityFrameworkCore": "[10.0.5, )",
          "Microsoft.AspNetCore.OpenApi": "[10.0.5, )",
          "Microsoft.IdentityModel.JsonWebTokens": "[8.17.0, )",
          "ModelContextProtocol.AspNetCore": "[1.0.0, )",
          "Nanoid": "[3.1.0, )",
          "Npgsql.EntityFrameworkCore.PostgreSQL": "[10.0.1, )",
          "OpenIddict.AspNetCore": "[7.4.0, )",
          "OpenIddict.EntityFrameworkCore": "[7.4.0, )",
          "Serilog.AspNetCore": "[10.0.0, )",
          "Serilog.Formatting.Compact": "[3.0.0, )",
          "Serilog.Sinks.Http": "[9.2.1, )",
          "Serilog.Sinks.Seq": "[9.0.0, )",
          "System.IdentityModel.Tokens.Jwt": "[8.17.0, )",
          "dotenv.net": "[4.0.1, )"
        }
      }
    }
  }
}