{
  "version": 1,
  "dependencies": {
    "net10.0": {
      "coverlet.collector": {
        "type": "Direct",
        "requested": "[6.0.4, )",
        "resolved": "6.0.4",
        "contentHash": "lkhqpF8Pu2Y7IiN7OntbsTtdbpR1syMsm2F3IgX6ootA4ffRqWL5jF7XipHuZQTdVuWG/gVAAcf8mjk8Tz0xPg=="
      },
      "FluentAssertions": {
        "type": "Direct",
        "requested": "[8.9.0, )",
        "resolved": "8.9.0",
        "contentHash": "Y5RDjxaVlxWX2yy0X/ay1tJjSKMOtjepSb83mmfngFS63hm3LsoZNj6nhmImzm1ifRmpF9ouvmHjx9nNwnkpDg=="
      },
      "Microsoft.AspNetCore.Mvc.Testing": {
        "type": "Direct",
        "requested": "[10.0.5, )",
        "resolved": "10.0.5",
        "contentHash": "MfacYQ7jNzj6073YobyoFfXpNmGqrV1UCywTM339DOcYpfalcM4K4heFjV5k3dDkKkWOGWO/DV3hdmVRqFkIxA==",
        "dependencies": {
          "Microsoft.AspNetCore.TestHost": "10.0.5",
          "Microsoft.Extensions.DependencyModel": "10.0.5"
        }
      },
      "Microsoft.NET.Test.Sdk": {
        "type": "Direct",
        "requested": "[17.14.1, )",
        "resolved": "17.14.1",
        "contentHash": "HJKqKOE+vshXra2aEHpi2TlxYX7Z9VFYkr+E5rwEvHC8eIXiyO+K9kNm8vmNom3e2rA56WqxU+/N9NJlLGXsJQ==",
        "dependencies": {
          "Microsoft.CodeCoverage": "17.14.1",
          "Microsoft.TestPlatform.TestHost": "17.14.1"
        }
      },
      "xunit": {
        "type": "Direct",
        "requested": "[2.9.3, )",
        "resolved": "2.9.3",
        "contentHash": "TlXQBinK35LpOPKHAqbLY4xlEen9TBafjs0V5KnA4wZsoQLQJiirCR4CbIXvOH8NzkW4YeJKP5P/Bnrodm0h9Q==",
        "dependencies": {
          "xunit.analyzers": "1.18.0",
          "xunit.assert": "2.9.3",
          "xunit.core": "[2.9.3]"
        }
      },
      "xunit.runner.visualstudio": {
        "type": "Direct",
        "requested": "[3.1.4, )",
        "resolved": "3.1.4",
        "contentHash": "5mj99LvCqrq3CNi06xYdyIAXOEh+5b33F2nErCzI5zWiDdLHXiPXEWFSUAF8zlIv0ZWqjZNCwHTQeAPYbF3pCg=="
      },
      "Microsoft.AspNetCore.Identity.EntityFrameworkCore": {
        "type": "Transitive",
        "resolved": "10.0.5",
        "contentHash": "oo1uauTwgcnhYgituZ2nI3wJ8XN9z76ggu2zkOJu1BCfOOsqr+g08Kr4MOiMuXEhwySkpIV+MVoC25hC1288NA==",
        "dependencies": {
          "Microsoft.EntityFrameworkCore.Relational": "10.0.5"
        }
      },
      "Microsoft.AspNetCore.OpenApi": {
        "type": "Transitive",
        "resolved": "10.0.5",
        "contentHash": "vTcxIfOPyfFbYk1g8YcXJfkMnlEWVkSnnjxcZLy60zgwiHMRf2SnZR+9E4HlpwKxgE3yfKMOti8J6WfKuKsw6w==",
        "dependencies": {
          "Microsoft.OpenApi": "2.0.0"
        }
      },
      "Microsoft.AspNetCore.TestHost": {
        "type": "Transitive",
        "resolved": "10.0.5",
        "contentHash": "PJEdrZnnhvxIEXzDdvdZ38GvpdaiUfKkZ99kudS8riJwhowFb/Qh26Wjk9smrCWcYdMFQmpN5epGiL4o1s8LYA=="
      },
      "Microsoft.CodeCoverage": {
        "type": "Transitive",
        "resolved": "17.14.1",
        "contentHash": "pmTrhfFIoplzFVbhVwUquT+77CbGH+h4/3mBpdmIlYtBi9nAB+kKI6dN3A/nV4DFi3wLLx/BlHIPK+MkbQ6Tpg=="
      },
      "Microsoft.EntityFrameworkCore": {
        "type": "Transitive",
        "resolved": "10.0.5",
        "contentHash": "9tNBmK3EpYVGRQLiqP+bqK2m+TD0Gv//4vCzR7ZOgl4FWzCFyOpYdIVka13M4kcBdPdSJcs3wbHr3rmzOqbIMA==",
        "dependencies": {
          "Microsoft.EntityFrameworkCore.Abstractions": "10.0.5",
          "Microsoft.EntityFrameworkCore.Analyzers": "10.0.5"
        }
      },
      "Microsoft.EntityFrameworkCore.Abstractions": {
        "type": "Transitive",
        "resolved": "10.0.5",
        "contentHash": "32c58Rnm47Qvhimawf67KO9PytgPz3QoWye7Abapt0Yocw/JnzMiSNj/pRoIKyn8Jxypkv86zxKD4Q/zNTc0Ag=="
      },
      "Microsoft.EntityFrameworkCore.Analyzers": {
        "type": "Transitive",
        "resolved": "10.0.5",
        "contentHash": "ipC4u1VojgEfoIZhtbS2Sx5IluJTP/Jf1hz3yGsxGBgSukYY/CquI6rAjxn5H58CZgVn36qcuPPtNMwZ0AUzMg=="
      },
      "Microsoft.EntityFrameworkCore.Relational": {
        "type": "Transitive",
        "resolved": "10.0.5",
        "contentHash": "uxmFjZEAB/KbsgWFSS4lLqkEHCfXxB2x0UcbiO4e5fCRpFFeTMSx/me6009nYJLu5IKlDwO1POh++P6RilFTDw==",
        "dependencies": {
          "Microsoft.EntityFrameworkCore": "10.0.5"
        }
      },
      "Microsoft.Extensions.AI.Abstractions": {
        "type": "Transitive",
        "resolved": "10.3.0",
        "contentHash": "hDjDvUERvUH3HBMs2MDusOcGJBjAHOG5pJIU2x/HZEa4e1UthNKt89cwMi3B+ogJo6skki1XFjfgGN3ksnVqvQ=="
      },
      "Microsoft.Extensions.AmbientMetadata.Application": {
        "type": "Transitive",
        "resolved": "9.6.0",
        "contentHash": "voKvEpXEsYtEhSiIVrYrZsMP7zEkBjquhqcvhxOCUen1i9TwdSwBmz7tN93IthTPA1nzXzWnz9huCZyegiYM8A=="
      },
      "Microsoft.Extensions.Compliance.Abstractions": {
        "type": "Transitive",
        "resolved": "9.6.0",
        "contentHash": "EsW9aUhkHYfb75wkx24BuusOQbh2BRTSh052Fki2APn3puH1q9owynut1jWMq0Rm/C4zhyw6LAd+F6PX8HUi4Q=="
      },
      "Microsoft.Extensions.DependencyInjection.AutoActivation": {
        "type": "Transitive",
        "resolved": "9.6.0",
        "contentHash": "71KqPTemVxSAYf4iv4lYFrL684MLwcTciLOHfoaWzxHG0U7ASWy/cQG8mNGB5Wy59H7eKTeuiNjvKXTebxlKWA=="
      },
      "Microsoft.Extensions.DependencyModel": {
        "type": "Transitive",
        "resolved": "10.0.5",
        "contentHash": "xA4kkL+QS6KCAOKz/O0oquHs44Ob8J7zpBCNt3wjkBWDg5aCqfwG8rWWLsg5V86AM0sB849g9JjPjIdksTCIKg=="
      },
      "Microsoft.Extensions.Diagnostics.ExceptionSummarization": {
        "type": "Transitive",
        "resolved": "9.6.0",
        "contentHash": "cquw9eHjO7sJ+t6hC++Zd+UjelvxfAnmmfwIq7KnGllcxBg24VEsmIq5gODxYhxXN4rWOvmnIwix0ze2p5GbgA=="
      },
      "Microsoft.Extensions.Http.Diagnostics": {
        "type": "Transitive",
        "resolved": "9.6.0",
        "contentHash": "FEhMpnH7OANl7ux2wuByvRYqqdRQGC7l2RKOd5FDFXySeWhqJnYWEaQPMqgNk1v108N3fIFmIEnGTOBHDpVP+Q==",
        "dependencies": {
          "Microsoft.Extensions.DependencyInjection.AutoActivation": "9.6.0",
          "Microsoft.Extensions.Telemetry": "9.6.0"
        }
      },
      "Microsoft.Extensions.Http.Polly": {
        "type": "Transitive",
        "resolved": "9.0.6",
        "contentHash": "eui0JinN+aOSMt6oeAGhSk+wAw5nJbeHt+JyOltn4+zjA7FhYDDLdsUW+Md3x18p+NxUdTwh7W/4EbB5RJ90Aw==",
        "dependencies": {
          "Polly": "7.2.4",
          "Polly.Extensions.Http": "3.0.0"
        }
      },
      "Microsoft.Extensions.Http.Resilience": {
        "type": "Transitive",
        "resolved": "9.6.0",
        "contentHash": "Np2a8u0ttPzqSrfVlVNRavKNzrzrbLAEsd0gR0KX5jIVOp7SVlPQdAHBTBh8/Hd7Amni9STSBWE2hoxq2pu3XA==",
        "dependencies": {
          "Microsoft.Extensions.Http.Diagnostics": "9.6.0",
          "Microsoft.Extensions.Resilience": "9.6.0"
        }
      },
      "Microsoft.Extensions.Resilience": {
        "type": "Transitive",
        "resolved": "9.6.0",
        "contentHash": "JhfQk0u4XYGD21fMUvAxmzzVM3CMN2Xy3yemutEBECoSP5ND/7jEG4daL0NODSPtq6rd9Pk7SumnBfxyV3+zxw==",
        "dependencies": {
          "Microsoft.Extensions.Diagnostics.ExceptionSummarization": "9.6.0",
          "Microsoft.Extensions.Telemetry.Abstractions": "9.6.0",
          "Polly.Extensions": "8.4.2",
          "Polly.RateLimiting": "8.4.2"
        }
      },
      "Microsoft.Extensions.Telemetry": {
        "type": "Transitive",
        "resolved": "9.6.0",
        "contentHash": "4k56GlByl+4gxwMHDMJ/MglbmjPPddLgd21RHZlSfx4WWLqiES/GJ/sHVCrKVjdIQHdcR5MLWvplfuqgj4H+VQ==",
        "dependencies": {
          "Microsoft.Extensions.AmbientMetadata.Application": "9.6.0",
          "Microsoft.Extensions.DependencyInjection.AutoActivation": "9.6.0",
          "Microsoft.Extensions.Telemetry.Abstractions": "9.6.0"
        }
      },
      "Microsoft.Extensions.Telemetry.Abstractions": {
        "type": "Transitive",
        "resolved": "9.6.0",
        "contentHash": "LKkpXv0KCFC7oPzkqwNMgBfBImd8I57e6W1mtnvw5KCwMZ/1iS5PsWQiSxp17J91crAyKv5KosRF6lNK2j9EBQ==",
        "dependencies": {
          "Microsoft.Extensions.Compliance.Abstractions": "9.6.0"
        }
      },
      "Microsoft.IdentityModel.Abstractions": {
        "type": "Transitive",
        "resolved": "8.12.0",
        "contentHash": "V7fHMFpfzvx7twWMV3jrf3OFVmYn3QhUYtvfMRD9yUPs9gxnQSaRMZh5NzCsnW3ZZ80J09EE7yyjM71y9JC6hQ=="
      },
      "Microsoft.IdentityModel.JsonWebTokens": {
        "type": "Transitive",
        "resolved": "8.12.0",
        "contentHash": "gOup2SmdwaXooLR0POKfrkyrw+R+G8nc8Nk80TL0196kFQK7Bg7Qr4x3jvOCm3TR8QLqU8cVpSVqBLtUaosPEg==",
        "dependencies": {
          "Microsoft.IdentityModel.Tokens": "8.12.0"
        }
      },
      "Microsoft.IdentityModel.Logging": {
        "type": "Transitive",
        "resolved": "8.12.0",
        "contentHash": "IakwNWUTy5RlcDcKwtL5TyfDLZmA8FFnSDhfr+wfGGPMON9GkpkUY8NakIJjdy6mv6C1lM/Jkn3IuaeS9MXesA==",
        "dependencies": {
          "Microsoft.IdentityModel.Abstractions": "8.12.0"
        }
      },
      "Microsoft.IdentityModel.Protocols": {
        "type": "Transitive",
        "resolved": "8.12.0",
        "contentHash": "WwCV1H3lmo6qLjVjFlzi8jBbYLWKzKM3KldD1te1vD3QZbcZ+aN7MBGnbbJAE8FYqv/zLPtsRliRNOs9YHrtxg==",
        "dependencies": {
          "Microsoft.IdentityModel.Tokens": "8.12.0"
        }
      },
      "Microsoft.IdentityModel.Tokens": {
        "type": "Transitive",
        "resolved": "8.12.0",
        "contentHash": "WCU3wv5sioX5hhp3oHw8sCdygnfZJtRKJGCg+AckP6nbp0QGKK3VohTrxIF0dpuziLAPg57CPfS9X8UERroKxA==",
        "dependencies": {
          "Microsoft.IdentityModel.Logging": "8.12.0"
        }
      },
      "Microsoft.OpenApi": {
        "type": "Transitive",
        "resolved": "2.0.0",
        "contentHash": "GGYLfzV/G/ct80OZ45JxnWP7NvMX1BCugn/lX7TH5o0lcVaviavsLMTxmFV2AybXWjbi3h6FF1vgZiTK6PXndw=="
      },
      "Microsoft.TestPlatform.ObjectModel": {
        "type": "Transitive",
        "resolved": "17.14.1",
        "contentHash": "xTP1W6Mi6SWmuxd3a+jj9G9UoC850WGwZUps1Wah9r1ZxgXhdJfj1QqDLJkFjHDCvN42qDL2Ps5KjQYWUU0zcQ=="
      },
      "Microsoft.TestPlatform.TestHost": {
        "type": "Transitive",
        "resolved": "17.14.1",
        "contentHash": "d78LPzGKkJwsJXAQwsbJJ7LE7D1wB+rAyhHHAaODF+RDSQ0NgMjDFkSA1Djw18VrxO76GlKAjRUhl+H8NL8Z+Q==",
        "dependencies": {
          "Microsoft.TestPlatform.ObjectModel": "17.14.1",
          "Newtonsoft.Json": "13.0.3"
        }
      },
      "ModelContextProtocol": {
        "type": "Transitive",
        "resolved": "1.0.0",
        "contentHash": "W7UX8AQ1qMjXyCDcpP25u/L1W2vIIgfhLX/B2ZtTU1VUyILXdmVbdRjkQesKVPT/wPMpYXIHUcZJTPdsGfKSfQ==",
        "dependencies": {
          "ModelContextProtocol.Core": "1.0.0"
        }
      },
      "ModelContextProtocol.AspNetCore": {
        "type": "Transitive",
        "resolved": "1.0.0",
        "contentHash": "X0Xtd6TRSiQNWLUQG+9eCo0VkvGwsM9D5P3bB3WJiekawuC7g6PztcDEbNWSZ6hSsP6UrqmOgYfBs/dJFXuJtw==",
        "dependencies": {
          "ModelContextProtocol": "1.0.0"
        }
      },
      "ModelContextProtocol.Core": {
        "type": "Transitive",
        "resolved": "1.0.0",
        "contentHash": "QKboiQEq2MJMGeQ029Gy6xqge88abm0Px9lnG7hueOyf+EDCxi5SUATV+Df7GwT+NwWzkEsYG271bUQD+LGhEg==",
        "dependencies": {
          "Microsoft.Extensions.AI.Abstractions": "10.3.0"
        }
      },
      "Newtonsoft.Json": {
        "type": "Transitive",
        "resolved": "13.0.3",
        "contentHash": "HrC5BXdl00IP9zeV+0Z848QWPAoCr9P3bDEZguI+gkLcBKAOxix/tLEAAHC+UvDNPv4a2d18lOReHMOagPa+zQ=="
      },
      "Npgsql": {
        "type": "Transitive",
        "resolved": "10.0.2",
        "contentHash": "q5RfBI+wywJSFUNDE1L4ZbHEHCFTblo8Uf6A6oe4feOUFYiUQXyAf9GBh5qEZpvJaHiEbpBPkQumjEhXCJxdrg=="
      },
      "Npgsql.EntityFrameworkCore.PostgreSQL": {
        "type": "Transitive",
        "resolved": "10.0.1",
        "contentHash": "P6EwH0Q4xkaA264iNZDqCPhWt8pscfUGxXazDQg4noBfqjoOlk4hKWfvBjF9ZX3R/9JybRmmJfmxr2iBMj0EpA==",
        "dependencies": {
          "Microsoft.EntityFrameworkCore": "[10.0.4, 11.0.0)",
          "Microsoft.EntityFrameworkCore.Relational": "[10.0.4, 11.0.0)",
          "Npgsql": "10.0.2"
        }
      },
      "OpenIddict": {
        "type": "Transitive",
        "resolved": "7.0.0",
        "contentHash": "/i360kH9D+oIQcZctU6mSMkHNOrjfgrNqOSQdPo61JbXwglA3fzfCxoKHCS0XutEElANIgRyrMijWeq8H14d2w==",
        "dependencies": {
          "OpenIddict.Abstractions": "7.0.0",
          "OpenIddict.Client": "7.0.0",
          "OpenIddict.Client.SystemIntegration": "7.0.0",
          "OpenIddict.Client.SystemNetHttp": "7.0.0",
          "OpenIddict.Client.WebIntegration": "7.0.0",
          "OpenIddict.Core": "7.0.0",
          "OpenIddict.Server": "7.0.0",
          "OpenIddict.Validation": "7.0.0",
          "OpenIddict.Validation.ServerIntegration": "7.0.0",
          "OpenIddict.Validation.SystemNetHttp": "7.0.0"
        }
      },
      "OpenIddict.Abstractions": {
        "type": "Transitive",
        "resolved": "7.0.0",
        "contentHash": "8GIdJ0WJVjnsXG0A72F2QPcyTQjn4B5lLWTw+FZ701rhRn/EvxHF8yH8dwJ6Jnq5j2FcIqIIIbANJrCgXmX8lw==",
        "dependencies": {
          "Microsoft.IdentityModel.Tokens": "8.12.0"
        }
      },
      "OpenIddict.AspNetCore": {
        "type": "Transitive",
        "resolved": "7.0.0",
        "contentHash": "G7PzdfZhPk9H//SpQIoVcMonvJxQ3Tj3co1PhBuY1JYr7KYmpuol7dWup3bU9yqXX/Lenezql1eyfYXNs6GZdw==",
        "dependencies": {
          "OpenIddict": "7.0.0",
          "OpenIddict.Client.AspNetCore": "7.0.0",
          "OpenIddict.Client.DataProtection": "7.0.0",
          "OpenIddict.Server.AspNetCore": "7.0.0",
          "OpenIddict.Server.DataProtection": "7.0.0",
          "OpenIddict.Validation.AspNetCore": "7.0.0",
          "OpenIddict.Validation.DataProtection": "7.0.0"
        }
      },
      "OpenIddict.Client": {
        "type": "Transitive",
        "resolved": "7.0.0",
        "contentHash": "8KTRx9xJsnjEfuZ4nByTse4knDpyNXe4Ssq4/iJZTkcEZLSYn24x/8AbkihquKKp7eoTDQt5PqbcE0nJ5mkRCA==",
        "dependencies": {
          "Microsoft.IdentityModel.JsonWebTokens": "8.12.0",
          "Microsoft.IdentityModel.Protocols": "8.12.0",
          "OpenIddict.Abstractions": "7.0.0"
        }
      },
      "OpenIddict.Client.AspNetCore": {
        "type": "Transitive",
        "resolved": "7.0.0",
        "contentHash": "CPda1oqN9CzuXseh8yyTf+/MTQTF4i7NMWu7N2Jt1R/j6J9lY/ZVkIurvCtTZAJOf7lRL1cmveiGPW/ihw/2oA==",
        "dependencies": {
          "OpenIddict.Client": "7.0.0"
        }
      },
      "OpenIddict.Client.DataProtection": {
        "type": "Transitive",
        "resolved": "7.0.0",
        "contentHash": "Fq7Ri5oP7Lrkc9NmSjA1DO32kXpot1jjBVy44C7E42TBjLD2jjUr8+dZkqX5ENqo54xubVMBNT3YjWVwtm6QIw==",
        "dependencies": {
          "OpenIddict.Client": "7.0.0"
        }
      },
      "OpenIddict.Client.SystemIntegration": {
        "type": "Transitive",
        "resolved": "7.0.0",
        "contentHash": "xa5tQ/U5Oui+XnsNlJ1aqgwGIL8pjTHa0CES0fVJt/mwVnR9+9vFXR+QXLsDbwtgpUsdDpzRKHt0dFr973PmJg==",
        "dependencies": {
          "OpenIddict.Client": "7.0.0"
        }
      },
      "OpenIddict.Client.SystemNetHttp": {
        "type": "Transitive",
        "resolved": "7.0.0",
        "contentHash": "xeOuI8QGtEwdGfAi+kB9D70R66hI95J4gj48wi4ulL8BLAWLVN0DLcFSmBCMOtktoX41jMVQmRS75Zq6UTQSfg==",
        "dependencies": {
          "Microsoft.Extensions.Http.Polly": "9.0.6",
          "Microsoft.Extensions.Http.Resilience": "9.6.0",
          "OpenIddict.Client": "7.0.0"
        }
      },
      "OpenIddict.Client.WebIntegration": {
        "type": "Transitive",
        "resolved": "7.0.0",
        "contentHash": "J/mhdtV2fa/p85NIvUvKVhB2FvAIbg6B5Bm9LslJ3k1Ot8iwF9pqWZW8QG875IfF8wa+l4TwMFUAct/OGqmdHg==",
        "dependencies": {
          "OpenIddict.Client": "7.0.0",
          "OpenIddict.Client.SystemNetHttp": "7.0.0"
        }
      },
      "OpenIddict.Core": {
        "type": "Transitive",
        "resolved": "7.0.0",
        "contentHash": "rtYHSuXM7BlZ6B48TTHDQ6TgCpwNHFdrJPsvYT9aiOzV3CU8GFZl4YXJT9wrwj7nTSMOFOEnEAwynbVZxsiV4Q==",
        "dependencies": {
          "OpenIddict.Abstractions": "7.0.0"
        }
      },
      "OpenIddict.EntityFrameworkCore": {
        "type": "Transitive",
        "resolved": "7.0.0",
        "contentHash": "mut7whbVHMHqeeW0Fb+AyWQ4rclnSR2B4lwpwXCcpA2PIALSVKtU5BtCbWgv+P8sbaTmMEvONwmPAjNbPU1Xlg==",
        "dependencies": {
          "Microsoft.EntityFrameworkCore.Relational": "9.0.6",
          "OpenIddict.Core": "7.0.0",
          "OpenIddict.EntityFrameworkCore.Models": "7.0.0"
        }
      },
      "OpenIddict.EntityFrameworkCore.Models": {
        "type": "Transitive",
        "resolved": "7.0.0",
        "contentHash": "HGAux2nT6jzgC8l7RxXiHDj3+9WqDm7K9vnWMWe8DFNB4VuuoBJFqwR3+MZbm9r1svDl6QS74+ux3R41IA8pHQ=="
      },
      "OpenIddict.Server": {
        "type": "Transitive",
        "resolved": "7.0.0",
        "contentHash": "RnGrG4va6hgwuVv8cjWTonPlRq6VNf6ugzXgnwlkzj2n2oGeKQxi0X7CGyOMx+ST5cbfqne+DugfOgLOmFOmqQ==",
        "dependencies": {
          "Microsoft.IdentityModel.JsonWebTokens": "8.12.0",
          "OpenIddict.Abstractions": "7.0.0"
        }
      },
      "OpenIddict.Server.AspNetCore": {
        "type": "Transitive",
        "resolved": "7.0.0",
        "contentHash": "803m2UKbrU8F046pTyZvs/63RrpenutyuXkMfRONif23VT4aiwwOEJJSlyuKD4uwofb8FscgTD9kIvZjvtFMWQ==",
        "dependencies": {
          "OpenIddict.Server": "7.0.0"
        }
      },
      "OpenIddict.Server.DataProtection": {
        "type": "Transitive",
        "resolved": "7.0.0",
        "contentHash": "8UlBnGWcmpOAaGQ4HtBo7qnTKpv+M9ya8Q818gxjzNn7ZGZXINC25h6EHQEXxssyVrsAd3o6NXhaedOGFh8BLA==",
        "dependencies": {
          "OpenIddict.Server": "7.0.0"
        }
      },
      "OpenIddict.Validation": {
        "type": "Transitive",
        "resolved": "7.0.0",
        "contentHash": "v7y02tWeU9xIIfJ/qCs98I3S/u1lksuiXpi4+NcPXyenbqyLEhfHuDRNbPV/Xkf65dnGxFhO//vRK4c8FSeqvQ==",
        "dependencies": {
          "Microsoft.IdentityModel.JsonWebTokens": "8.12.0",
          "Microsoft.IdentityModel.Protocols": "8.12.0",
          "OpenIddict.Abstractions": "7.0.0"
        }
      },
      "OpenIddict.Validation.AspNetCore": {
        "type": "Transitive",
        "resolved": "7.0.0",
        "contentHash": "nJY/FDrC47b3FipjFlwkXxx3NZawLS5NZ8joef4wrX995OzhFsHpQB4lPB6RHDW5Qf0+ObOGXW+ytISfNtwjNQ==",
        "dependencies": {
          "OpenIddict.Validation": "7.0.0"
        }
      },
      "OpenIddict.Validation.DataProtection": {
        "type": "Transitive",
        "resolved": "7.0.0",
        "contentHash": "SEDelI9tCev4NKJOFuATrGcnPUvXLJl6f5u+x7wMQtqLXCFccj7vptlsR2ij535XXNPil10edwpnBcICGwtrzg==",
        "dependencies": {
          "OpenIddict.Validation": "7.0.0"
        }
      },
      "OpenIddict.Validation.ServerIntegration": {
        "type": "Transitive",
        "resolved": "7.0.0",
        "contentHash": "ZQkRl/De2DuBX6hCMuZDYwAQNnYYUkONYIKHQT5j/EL2GJTB7XcMTFpGbOl3tiZ1q+uKUHSHDd3TAq2K7rX4AA==",
        "dependencies": {
          "OpenIddict.Server": "7.0.0",
          "OpenIddict.Validation": "7.0.0"
        }
      },
      "OpenIddict.Validation.SystemNetHttp": {
        "type": "Transitive",
        "resolved": "7.0.0",
        "contentHash": "zX7xYV8YcQlyGFyWn5A/F/NhJaj23eOwywJOe6cn3jeHs4UyhuAql2BG6dINsiQEFNkEj1NKOY3s3BPHevbPZA==",
        "dependencies": {
          "Microsoft.Extensions.Http.Polly": "9.0.6",
          "Microsoft.Extensions.Http.Resilience": "9.6.0",
          "OpenIddict.Validation": "7.0.0"
        }
      },
      "Polly": {
        "type": "Transitive",
        "resolved": "7.2.4",
        "contentHash": "bw00Ck5sh6ekduDE3mnCo1ohzuad946uslCDEENu3091+6UKnBuKLo4e+yaNcCzXxOZCXWY2gV4a35+K1d4LDA=="
      },
      "Polly.Core": {
        "type": "Transitive",
        "resolved": "8.4.2",
        "contentHash": "BpE2I6HBYYA5tF0Vn4eoQOGYTYIK1BlF5EXVgkWGn3mqUUjbXAr13J6fZVbp7Q3epRR8yshacBMlsHMhpOiV3g=="
      },
      "Polly.Extensions": {
        "type": "Transitive",
        "resolved": "8.4.2",
        "contentHash": "GZ9vRVmR0jV2JtZavt+pGUsQ1O1cuRKG7R7VOZI6ZDy9y6RNPvRvXK1tuS4ffUrv8L0FTea59oEuQzgS0R7zSA==",
        "dependencies": {
          "Polly.Core": "8.4.2"
        }
      },
      "Polly.Extensions.Http": {
        "type": "Transitive",
        "resolved": "3.0.0",
        "contentHash": "drrG+hB3pYFY7w1c3BD+lSGYvH2oIclH8GRSehgfyP5kjnFnHKQuuBhuHLv+PWyFuaTDyk/vfRpnxOzd11+J8g==",
        "dependencies": {
          "Polly": "7.1.0"
        }
      },
      "Polly.RateLimiting": {
        "type": "Transitive",
        "resolved": "8.4.2",
        "contentHash": "ehTImQ/eUyO07VYW2WvwSmU9rRH200SKJ/3jku9rOkyWE0A2JxNFmAVms8dSn49QLSjmjFRRSgfNyOgr/2PSmA==",
        "dependencies": {
          "Polly.Core": "8.4.2"
        }
      },
      "xunit.abstractions": {
        "type": "Transitive",
        "resolved": "2.0.3",
        "contentHash": "pot1I4YOxlWjIb5jmwvvQNbTrZ3lJQ+jUGkGjWE3hEFM0l5gOnBWS+H3qsex68s5cO52g+44vpGzhAt+42vwKg=="
      },
      "xunit.analyzers": {
        "type": "Transitive",
        "resolved": "1.18.0",
        "contentHash": "OtFMHN8yqIcYP9wcVIgJrq01AfTxijjAqVDy/WeQVSyrDC1RzBWeQPztL49DN2syXRah8TYnfvk035s7L95EZQ=="
      },
      "xunit.assert": {
        "type": "Transitive",
        "resolved": "2.9.3",
        "contentHash": "/Kq28fCE7MjOV42YLVRAJzRF0WmEqsmflm0cfpMjGtzQ2lR5mYVj1/i0Y8uDAOLczkL3/jArrwehfMD0YogMAA=="
      },
      "xunit.core": {
        "type": "Transitive",
        "resolved": "2.9.3",
        "contentHash": "BiAEvqGvyme19wE0wTKdADH+NloYqikiU0mcnmiNyXaF9HyHmE6sr/3DC5vnBkgsWaE6yPyWszKSPSApWdRVeQ==",
        "dependencies": {
          "xunit.extensibility.core": "[2.9.3]",
          "xunit.extensibility.execution": "[2.9.3]"
        }
      },
      "xunit.extensibility.core": {
        "type": "Transitive",
        "resolved": "2.9.3",
        "contentHash": "kf3si0YTn2a8J8eZNb+zFpwfoyvIrQ7ivNk5ZYA5yuYk1bEtMe4DxJ2CF/qsRgmEnDr7MnW1mxylBaHTZ4qErA==",
        "dependencies": {
          "xunit.abstractions": "2.0.3"
        }
      },
      "xunit.extensibility.execution": {
        "type": "Transitive",
        "resolved": "2.9.3",
        "contentHash": "yMb6vMESlSrE3Wfj7V6cjQ3S4TXdXpRqYeNEI3zsX31uTsGMJjEw6oD5F5u1cHnMptjhEECnmZSsPxB6ChZHDQ==",
        "dependencies": {
          "xunit.extensibility.core": "[2.9.3]"
        }
      },
      "fasolt.server": {
        "type": "Project",
        "dependencies": {
          "Microsoft.AspNetCore.Identity.EntityFrameworkCore": "[10.0.5, )",
          "Microsoft.AspNetCore.OpenApi": "[10.0.5, )",
          "ModelContextProtocol.AspNetCore": "[1.0.0, )",
          "Npgsql.EntityFrameworkCore.PostgreSQL": "[10.0.1, )",
          "OpenIddict.AspNetCore": "[7.0.0, )",
          "OpenIddict.EntityFrameworkCore": "[7.0.0, )"
        }
      }
    }
  }
}